// !$*UTF8*$!
{
	archiveVersion = 1;
	classes = {
	};
	objectVersion = 50;
	objects = {

/* Begin PBXBuildFile section */
		78298E8B55B76B174CBF275F /* Pods_snapRedtext.framework in Frameworks */ = {isa = PBXBuildFile; fileRef = D2B02B1E4FAB303DAE161448 /* Pods_snapRedtext.framework */; };
		7918D02A208C062E00ACF0F0 /* AppDelegate.swift in Sources */ = {isa = PBXBuildFile; fileRef = 7918D029208C062E00ACF0F0 /* AppDelegate.swift */; };
		7918D02C208C062E00ACF0F0 /* ViewController.swift in Sources */ = {isa = PBXBuildFile; fileRef = 7918D02B208C062E00ACF0F0 /* ViewController.swift */; };
		7918D02F208C062E00ACF0F0 /* Main.storyboard in Resources */ = {isa = PBXBuildFile; fileRef = 7918D02D208C062E00ACF0F0 /* Main.storyboard */; };
		7918D031208C063300ACF0F0 /* Assets.xcassets in Resources */ = {isa = PBXBuildFile; fileRef = 7918D030208C063300ACF0F0 /* Assets.xcassets */; };
		7918D034208C063300ACF0F0 /* LaunchScreen.storyboard in Resources */ = {isa = PBXBuildFile; fileRef = 7918D032208C063300ACF0F0 /* LaunchScreen.storyboard */; };
		7918D03C208C0D5A00ACF0F0 /* Loading.swift in Sources */ = {isa = PBXBuildFile; fileRef = 7918D03B208C0D5A00ACF0F0 /* Loading.swift */; };
		7918D03E208C0E5600ACF0F0 /* RedditArticle.swift in Sources */ = {isa = PBXBuildFile; fileRef = 7918D03D208C0E5600ACF0F0 /* RedditArticle.swift */; };
		792DA737208C257300383F79 /* GoogleService-Info.plist in Resources */ = {isa = PBXBuildFile; fileRef = 792DA736208C257300383F79 /* GoogleService-Info.plist */; };
		792DA73E208C3C7B00383F79 /* redditList.swift in Sources */ = {isa = PBXBuildFile; fileRef = 792DA73C208C3C7A00383F79 /* redditList.swift */; };
		792DA73F208C3C7B00383F79 /* redditTread.swift in Sources */ = {isa = PBXBuildFile; fileRef = 792DA73D208C3C7A00383F79 /* redditTread.swift */; };
/* End PBXBuildFile section */

/* Begin PBXFileReference section */
		7918D026208C062E00ACF0F0 /* snapRedtext.app */ = {isa = PBXFileReference; explicitFileType = wrapper.application; includeInIndex = 0; path = snapRedtext.app; sourceTree = BUILT_PRODUCTS_DIR; };
		7918D029208C062E00ACF0F0 /* AppDelegate.swift */ = {isa = PBXFileReference; lastKnownFileType = sourcecode.swift; path = AppDelegate.swift; sourceTree = "<group>"; };
		7918D02B208C062E00ACF0F0 /* ViewController.swift */ = {isa = PBXFileReference; lastKnownFileType = sourcecode.swift; path = ViewController.swift; sourceTree = "<group>"; };
		7918D02E208C062E00ACF0F0 /* Base */ = {isa = PBXFileReference; lastKnownFileType = file.storyboard; name = Base; path = Base.lproj/Main.storyboard; sourceTree = "<group>"; };
		7918D030208C063300ACF0F0 /* Assets.xcassets */ = {isa = PBXFileReference; lastKnownFileType = folder.assetcatalog; path = Assets.xcassets; sourceTree = "<group>"; };
		7918D033208C063300ACF0F0 /* Base */ = {isa = PBXFileReference; lastKnownFileType = file.storyboard; name = Base; path = Base.lproj/LaunchScreen.storyboard; sourceTree = "<group>"; };
		7918D035208C063300ACF0F0 /* Info.plist */ = {isa = PBXFileReference; lastKnownFileType = text.plist.xml; path = Info.plist; sourceTree = "<group>"; };
		7918D03B208C0D5A00ACF0F0 /* Loading.swift */ = {isa = PBXFileReference; lastKnownFileType = sourcecode.swift; path = Loading.swift; sourceTree = "<group>"; };
		7918D03D208C0E5600ACF0F0 /* RedditArticle.swift */ = {isa = PBXFileReference; lastKnownFileType = sourcecode.swift; path = RedditArticle.swift; sourceTree = "<group>"; };
		792DA736208C257300383F79 /* GoogleService-Info.plist */ = {isa = PBXFileReference; fileEncoding = 4; lastKnownFileType = text.plist.xml; path = "GoogleService-Info.plist"; sourceTree = "<group>"; };
		792DA73C208C3C7A00383F79 /* redditList.swift */ = {isa = PBXFileReference; lastKnownFileType = sourcecode.swift; path = redditList.swift; sourceTree = "<group>"; };
		792DA73D208C3C7A00383F79 /* redditTread.swift */ = {isa = PBXFileReference; lastKnownFileType = sourcecode.swift; path = redditTread.swift; sourceTree = "<group>"; };
		8C46C9CDB289E2A6C13D1E99 /* Pods-snapRedtext.debug.xcconfig */ = {isa = PBXFileReference; includeInIndex = 1; lastKnownFileType = text.xcconfig; name = "Pods-snapRedtext.debug.xcconfig"; path = "Pods/Target Support Files/Pods-snapRedtext/Pods-snapRedtext.debug.xcconfig"; sourceTree = "<group>"; };
		D2B02B1E4FAB303DAE161448 /* Pods_snapRedtext.framework */ = {isa = PBXFileReference; explicitFileType = wrapper.framework; includeInIndex = 0; path = Pods_snapRedtext.framework; sourceTree = BUILT_PRODUCTS_DIR; };
		E8CAC579C79F34B1C1BCB707 /* Pods-snapRedtext.release.xcconfig */ = {isa = PBXFileReference; includeInIndex = 1; lastKnownFileType = text.xcconfig; name = "Pods-snapRedtext.release.xcconfig"; path = "Pods/Target Support Files/Pods-snapRedtext/Pods-snapRedtext.release.xcconfig"; sourceTree = "<group>"; };
/* End PBXFileReference section */

/* Begin PBXFrameworksBuildPhase section */
		7918D023208C062E00ACF0F0 /* Frameworks */ = {
			isa = PBXFrameworksBuildPhase;
			buildActionMask = 2147483647;
			files = (
				78298E8B55B76B174CBF275F /* Pods_snapRedtext.framework in Frameworks */,
			);
			runOnlyForDeploymentPostprocessing = 0;
		};
/* End PBXFrameworksBuildPhase section */

/* Begin PBXGroup section */
		06A436F6A82AC62DD8A43822 /* Frameworks */ = {
			isa = PBXGroup;
			children = (
				D2B02B1E4FAB303DAE161448 /* Pods_snapRedtext.framework */,
			);
			name = Frameworks;
			sourceTree = "<group>";
		};
		7918D01D208C062E00ACF0F0 = {
			isa = PBXGroup;
			children = (
				792DA736208C257300383F79 /* GoogleService-Info.plist */,
				7918D028208C062E00ACF0F0 /* snapRedtext */,
				7918D027208C062E00ACF0F0 /* Products */,
				CC8443DC11BCBEB9AD324350 /* Pods */,
				06A436F6A82AC62DD8A43822 /* Frameworks */,
			);
			sourceTree = "<group>";
		};
		7918D027208C062E00ACF0F0 /* Products */ = {
			isa = PBXGroup;
			children = (
				7918D026208C062E00ACF0F0 /* snapRedtext.app */,
			);
			name = Products;
			sourceTree = "<group>";
		};
		7918D028208C062E00ACF0F0 /* snapRedtext */ = {
			isa = PBXGroup;
			children = (
				7918D03B208C0D5A00ACF0F0 /* Loading.swift */,
				7918D03D208C0E5600ACF0F0 /* RedditArticle.swift */,
				7918D029208C062E00ACF0F0 /* AppDelegate.swift */,
				7918D02B208C062E00ACF0F0 /* ViewController.swift */,
				7918D02D208C062E00ACF0F0 /* Main.storyboard */,
				792DA73D208C3C7A00383F79 /* redditTread.swift */,
				792DA73C208C3C7A00383F79 /* redditList.swift */,
				7918D030208C063300ACF0F0 /* Assets.xcassets */,
				7918D032208C063300ACF0F0 /* LaunchScreen.storyboard */,
				7918D035208C063300ACF0F0 /* Info.plist */,
			);
			path = snapRedtext;
			sourceTree = "<group>";
		};
		CC8443DC11BCBEB9AD324350 /* Pods */ = {
			isa = PBXGroup;
			children = (
				8C46C9CDB289E2A6C13D1E99 /* Pods-snapRedtext.debug.xcconfig */,
				E8CAC579C79F34B1C1BCB707 /* Pods-snapRedtext.release.xcconfig */,
			);
			name = Pods;
			sourceTree = "<group>";
		};
/* End PBXGroup section */

/* Begin PBXNativeTarget section */
		7918D025208C062E00ACF0F0 /* snapRedtext */ = {
			isa = PBXNativeTarget;
			buildConfigurationList = 7918D038208C063300ACF0F0 /* Build configuration list for PBXNativeTarget "snapRedtext" */;
			buildPhases = (
				6CB4CE1038727A66958097A3 /* [CP] Check Pods Manifest.lock */,
				7918D022208C062E00ACF0F0 /* Sources */,
				7918D023208C062E00ACF0F0 /* Frameworks */,
				7918D024208C062E00ACF0F0 /* Resources */,
				39746DCC8B4696DC44AD7251 /* [CP] Embed Pods Frameworks */,
			);
			buildRules = (
			);
			dependencies = (
			);
			name = snapRedtext;
			productName = snapRedtext;
			productReference = 7918D026208C062E00ACF0F0 /* snapRedtext.app */;
			productType = "com.apple.product-type.application";
		};
/* End PBXNativeTarget section */

/* Begin PBXProject section */
		7918D01E208C062E00ACF0F0 /* Project object */ = {
			isa = PBXProject;
			attributes = {
				LastSwiftUpdateCheck = 0930;
				LastUpgradeCheck = 0930;
				ORGANIZATIONNAME = "james luo";
				TargetAttributes = {
					7918D025208C062E00ACF0F0 = {
						CreatedOnToolsVersion = 9.3;
					};
				};
			};
			buildConfigurationList = 7918D021208C062E00ACF0F0 /* Build configuration list for PBXProject "snapRedtext" */;
			compatibilityVersion = "Xcode 9.3";
			developmentRegion = en;
			hasScannedForEncodings = 0;
			knownRegions = (
				en,
				Base,
			);
			mainGroup = 7918D01D208C062E00ACF0F0;
			productRefGroup = 7918D027208C062E00ACF0F0 /* Products */;
			projectDirPath = "";
			projectRoot = "";
			targets = (
				7918D025208C062E00ACF0F0 /* snapRedtext */,
			);
		};
/* End PBXProject section */

/* Begin PBXResourcesBuildPhase section */
		7918D024208C062E00ACF0F0 /* Resources */ = {
			isa = PBXResourcesBuildPhase;
			buildActionMask = 2147483647;
			files = (
				7918D034208C063300ACF0F0 /* LaunchScreen.storyboard in Resources */,
				792DA737208C257300383F79 /* GoogleService-Info.plist in Resources */,
				7918D031208C063300ACF0F0 /* Assets.xcassets in Resources */,
				7918D02F208C062E00ACF0F0 /* Main.storyboard in Resources */,
			);
			runOnlyForDeploymentPostprocessing = 0;
		};
/* End PBXResourcesBuildPhase section */

/* Begin PBXShellScriptBuildPhase section */
		39746DCC8B4696DC44AD7251 /* [CP] Embed Pods Frameworks */ = {
			isa = PBXShellScriptBuildPhase;
			buildActionMask = 2147483647;
			files = (
			);
			inputPaths = (
				"${SRCROOT}/Pods/Target Support Files/Pods-snapRedtext/Pods-snapRedtext-frameworks.sh",
				"${BUILT_PRODUCTS_DIR}/Alamofire/Alamofire.framework",
				"${BUILT_PRODUCTS_DIR}/GoogleToolboxForMac/GoogleToolboxForMac.framework",
				"${BUILT_PRODUCTS_DIR}/Kingfisher/Kingfisher.framework",
				"${BUILT_PRODUCTS_DIR}/leveldb-library/leveldb.framework",
				"${BUILT_PRODUCTS_DIR}/nanopb/nanopb.framework",
			);
			name = "[CP] Embed Pods Frameworks";
			outputPaths = (
				"${TARGET_BUILD_DIR}/${FRAMEWORKS_FOLDER_PATH}/Alamofire.framework",
				"${TARGET_BUILD_DIR}/${FRAMEWORKS_FOLDER_PATH}/GoogleToolboxForMac.framework",
				"${TARGET_BUILD_DIR}/${FRAMEWORKS_FOLDER_PATH}/Kingfisher.framework",
				"${TARGET_BUILD_DIR}/${FRAMEWORKS_FOLDER_PATH}/leveldb.framework",
				"${TARGET_BUILD_DIR}/${FRAMEWORKS_FOLDER_PATH}/nanopb.framework",
			);
			runOnlyForDeploymentPostprocessing = 0;
			shellPath = /bin/sh;
			shellScript = "\"${SRCROOT}/Pods/Target Support Files/Pods-snapRedtext/Pods-snapRedtext-frameworks.sh\"\n";
			showEnvVarsInLog = 0;
		};
		6CB4CE1038727A66958097A3 /* [CP] Check Pods Manifest.lock */ = {
			isa = PBXShellScriptBuildPhase;
			buildActionMask = 2147483647;
			files = (
			);
			inputPaths = (
				"${PODS_PODFILE_DIR_PATH}/Podfile.lock",
				"${PODS_ROOT}/Manifest.lock",
			);
			name = "[CP] Check Pods Manifest.lock";
			outputPaths = (
				"$(DERIVED_FILE_DIR)/Pods-snapRedtext-checkManifestLockResult.txt",
			);
			runOnlyForDeploymentPostprocessing = 0;
			shellPath = /bin/sh;
			shellScript = "diff \"${PODS_PODFILE_DIR_PATH}/Podfile.lock\" \"${PODS_ROOT}/Manifest.lock\" > /dev/null\nif [ $? != 0 ] ; then\n    # print error to STDERR\n    echo \"error: The sandbox is not in sync with the Podfile.lock. Run 'pod install' or update your CocoaPods installation.\" >&2\n    exit 1\nfi\n# This output is used by Xcode 'outputs' to avoid re-running this script phase.\necho \"SUCCESS\" > \"${SCRIPT_OUTPUT_FILE_0}\"\n";
			showEnvVarsInLog = 0;
		};
/* End PBXShellScriptBuildPhase section */

/* Begin PBXSourcesBuildPhase section */
		7918D022208C062E00ACF0F0 /* Sources */ = {
			isa = PBXSourcesBuildPhase;
			buildActionMask = 2147483647;
			files = (
				792DA73E208C3C7B00383F79 /* redditList.swift in Sources */,
				7918D02C208C062E00ACF0F0 /* ViewController.swift in Sources */,
				792DA73F208C3C7B00383F79 /* redditTread.swift in Sources */,
				7918D03C208C0D5A00ACF0F0 /* Loading.swift in Sources */,
				7918D03E208C0E5600ACF0F0 /* RedditArticle.swift in Sources */,
				7918D02A208C062E00ACF0F0 /* AppDelegate.swift in Sources */,
			);
			runOnlyForDeploymentPostprocessing = 0;
		};
/* End PBXSourcesBuildPhase section */

/* Begin PBXVariantGroup section */
		7918D02D208C062E00ACF0F0 /* Main.storyboard */ = {
			isa = PBXVariantGroup;
			children = (
				7918D02E208C062E00ACF0F0 /* Base */,
			);
			name = Main.storyboard;
			sourceTree = "<group>";
		};
		7918D032208C063300ACF0F0 /* LaunchScreen.storyboard */ = {
			isa = PBXVariantGroup;
			children = (
				7918D033208C063300ACF0F0 /* Base */,
			);
			name = LaunchScreen.storyboard;
			sourceTree = "<group>";
		};
/* End PBXVariantGroup section */

/* Begin XCBuildConfiguration section */
		7918D036208C063300ACF0F0 /* Debug */ = {
			isa = XCBuildConfiguration;
			buildSettings = {
				ALWAYS_SEARCH_USER_PATHS = NO;
				CLANG_ANALYZER_NONNULL = YES;
				CLANG_ANALYZER_NUMBER_OBJECT_CONVERSION = YES_AGGRESSIVE;
				CLANG_CXX_LANGUAGE_STANDARD = "gnu++14";
				CLANG_CXX_LIBRARY = "libc++";
				CLANG_ENABLE_MODULES = YES;
				CLANG_ENABLE_OBJC_ARC = YES;
				CLANG_ENABLE_OBJC_WEAK = YES;
				CLANG_WARN_BLOCK_CAPTURE_AUTORELEASING = YES;
				CLANG_WARN_BOOL_CONVERSION = YES;
				CLANG_WARN_COMMA = YES;
				CLANG_WARN_CONSTANT_CONVERSION = YES;
				CLANG_WARN_DEPRECATED_OBJC_IMPLEMENTATIONS = YES;
				CLANG_WARN_DIRECT_OBJC_ISA_USAGE = YES_ERROR;
				CLANG_WARN_DOCUMENTATION_COMMENTS = YES;
				CLANG_WARN_EMPTY_BODY = YES;
				CLANG_WARN_ENUM_CONVERSION = YES;
				CLANG_WARN_INFINITE_RECURSION = YES;
				CLANG_WARN_INT_CONVERSION = YES;
				CLANG_WARN_NON_LITERAL_NULL_CONVERSION = YES;
				CLANG_WARN_OBJC_IMPLICIT_RETAIN_SELF = YES;
				CLANG_WARN_OBJC_LITERAL_CONVERSION = YES;
				CLANG_WARN_OBJC_ROOT_CLASS = YES_ERROR;
				CLANG_WARN_RANGE_LOOP_ANALYSIS = YES;
				CLANG_WARN_STRICT_PROTOTYPES = YES;
				CLANG_WARN_SUSPICIOUS_MOVE = YES;
				CLANG_WARN_UNGUARDED_AVAILABILITY = YES_AGGRESSIVE;
				CLANG_WARN_UNREACHABLE_CODE = YES;
				CLANG_WARN__DUPLICATE_METHOD_MATCH = YES;
				CODE_SIGN_IDENTITY = "iPhone Developer";
				COPY_PHASE_STRIP = NO;
				DEBUG_INFORMATION_FORMAT = dwarf;
				ENABLE_STRICT_OBJC_MSGSEND = YES;
				ENABLE_TESTABILITY = YES;
				GCC_C_LANGUAGE_STANDARD = gnu11;
				GCC_DYNAMIC_NO_PIC = NO;
				GCC_NO_COMMON_BLOCKS = YES;
				GCC_OPTIMIZATION_LEVEL = 0;
				GCC_PREPROCESSOR_DEFINITIONS = (
					"DEBUG=1",
					"$(inherited)",
				);
				GCC_WARN_64_TO_32_BIT_CONVERSION = YES;
				GCC_WARN_ABOUT_RETURN_TYPE = YES_ERROR;
				GCC_WARN_UNDECLARED_SELECTOR = YES;
				GCC_WARN_UNINITIALIZED_AUTOS = YES_AGGRESSIVE;
				GCC_WARN_UNUSED_FUNCTION = YES;
				GCC_WARN_UNUSED_VARIABLE = YES;
				IPHONEOS_DEPLOYMENT_TARGET = 10.0;
				MTL_ENABLE_DEBUG_INFO = YES;
				ONLY_ACTIVE_ARCH = YES;
				SDKROOT = iphoneos;
				SWIFT_ACTIVE_COMPILATION_CONDITIONS = DEBUG;
				SWIFT_OPTIMIZATION_LEVEL = "-Onone";
			};
			name = Debug;
		};
		7918D037208C063300ACF0F0 /* Release */ = {
			isa = XCBuildConfiguration;
			buildSettings = {
				ALWAYS_SEARCH_USER_PATHS = NO;
				CLANG_ANALYZER_NONNULL = YES;
				CLANG_ANALYZER_NUMBER_OBJECT_CONVERSION = YES_AGGRESSIVE;
				CLANG_CXX_LANGUAGE_STANDARD = "gnu++14";
				CLANG_CXX_LIBRARY = "libc++";
				CLANG_ENABLE_MODULES = YES;
				CLANG_ENABLE_OBJC_ARC = YES;
				CLANG_ENABLE_OBJC_WEAK = YES;
				CLANG_WARN_BLOCK_CAPTURE_AUTORELEASING = YES;
				CLANG_WARN_BOOL_CONVERSION = YES;
				CLANG_WARN_COMMA = YES;
				CLANG_WARN_CONSTANT_CONVERSION = YES;
				CLANG_WARN_DEPRECATED_OBJC_IMPLEMENTATIONS = YES;
				CLANG_WARN_DIRECT_OBJC_ISA_USAGE = YES_ERROR;
				CLANG_WARN_DOCUMENTATION_COMMENTS = YES;
				CLANG_WARN_EMPTY_BODY = YES;
				CLANG_WARN_ENUM_CONVERSION = YES;
				CLANG_WARN_INFINITE_RECURSION = YES;
				CLANG_WARN_INT_CONVERSION = YES;
				CLANG_WARN_NON_LITERAL_NULL_CONVERSION = YES;
				CLANG_WARN_OBJC_IMPLICIT_RETAIN_SELF = YES;
				CLANG_WARN_OBJC_LITERAL_CONVERSION = YES;
				CLANG_WARN_OBJC_ROOT_CLASS = YES_ERROR;
				CLANG_WARN_RANGE_LOOP_ANALYSIS = YES;
				CLANG_WARN_STRICT_PROTOTYPES = YES;
				CLANG_WARN_SUSPICIOUS_MOVE = YES;
				CLANG_WARN_UNGUARDED_AVAILABILITY = YES_AGGRESSIVE;
				CLANG_WARN_UNREACHABLE_CODE = YES;
				CLANG_WARN__DUPLICATE_METHOD_MATCH = YES;
				CODE_SIGN_IDENTITY = "iPhone Developer";
				COPY_PHASE_STRIP = NO;
				DEBUG_INFORMATION_FORMAT = "dwarf-with-dsym";
				ENABLE_NS_ASSERTIONS = NO;
				ENABLE_STRICT_OBJC_MSGSEND = YES;
				GCC_C_LANGUAGE_STANDARD = gnu11;
				GCC_NO_COMMON_BLOCKS = YES;
				GCC_WARN_64_TO_32_BIT_CONVERSION = YES;
				GCC_WARN_ABOUT_RETURN_TYPE = YES_ERROR;
				GCC_WARN_UNDECLARED_SELECTOR = YES;
				GCC_WARN_UNINITIALIZED_AUTOS = YES_AGGRESSIVE;
				GCC_WARN_UNUSED_FUNCTION = YES;
				GCC_WARN_UNUSED_VARIABLE = YES;
				IPHONEOS_DEPLOYMENT_TARGET = 10.0;
				MTL_ENABLE_DEBUG_INFO = NO;
				SDKROOT = iphoneos;
				SWIFT_COMPILATION_MODE = wholemodule;
				SWIFT_OPTIMIZATION_LEVEL = "-O";
				VALIDATE_PRODUCT = YES;
			};
			name = Release;
		};
		7918D039208C063300ACF0F0 /* Debug */ = {
			isa = XCBuildConfiguration;
			baseConfigurationReference = 8C46C9CDB289E2A6C13D1E99 /* Pods-snapRedtext.debug.xcconfig */;
			buildSettings = {
				ASSETCATALOG_COMPILER_APPICON_NAME = AppIcon;
				CODE_SIGN_STYLE = Automatic;
				DEVELOPMENT_TEAM = 8RS9W23TVG;
				INFOPLIST_FILE = snapRedtext/Info.plist;
				IPHONEOS_DEPLOYMENT_TARGET = 11.0;
				LD_RUNPATH_SEARCH_PATHS = (
					"$(inherited)",
					"@executable_path/Frameworks",
				);
				PRODUCT_BUNDLE_IDENTIFIER = cl.snapRedtext;
				PRODUCT_NAME = "$(TARGET_NAME)";
				SWIFT_VERSION = 4.0;
				TARGETED_DEVICE_FAMILY = "1,2";
			};
			name = Debug;
		};
		7918D03A208C063300ACF0F0 /* Release */ = {
			isa = XCBuildConfiguration;
			baseConfigurationReference = E8CAC579C79F34B1C1BCB707 /* Pods-snapRedtext.release.xcconfig */;
			buildSettings = {
				ASSETCATALOG_COMPILER_APPICON_NAME = AppIcon;
				CODE_SIGN_STYLE = Automatic;
				DEVELOPMENT_TEAM = 8RS9W23TVG;
				INFOPLIST_FILE = snapRedtext/Info.plist;
				IPHONEOS_DEPLOYMENT_TARGET = 11.0;
				LD_RUNPATH_SEARCH_PATHS = (
					"$(inherited)",
					"@executable_path/Frameworks",
				);
				PRODUCT_BUNDLE_IDENTIFIER = cl.snapRedtext;
				PRODUCT_NAME = "$(TARGET_NAME)";
				SWIFT_VERSION = 4.0;
				TARGETED_DEVICE_FAMILY = "1,2";
			};
			name = Release;
		};
/* End XCBuildConfiguration section */

/* Begin XCConfigurationList section */
		7918D021208C062E00ACF0F0 /* Build configuration list for PBXProject "snapRedtext" */ = {
			isa = XCConfigurationList;
			buildConfigurations = (
				7918D036208C063300ACF0F0 /* Debug */,
				7918D037208C063300ACF0F0 /* Release */,
			);
			defaultConfigurationIsVisible = 0;
			defaultConfigurationName = Release;
		};
		7918D038208C063300ACF0F0 /* Build configuration list for PBXNativeTarget "snapRedtext" */ = {
			isa = XCConfigurationList;
			buildConfigurations = (
				7918D039208C063300ACF0F0 /* Debug */,
				7918D03A208C063300ACF0F0 /* Release */,
			);
			defaultConfigurationIsVisible = 0;
			defaultConfigurationName = Release;
		};
/* End XCConfigurationList section */
	};
	rootObject = 7918D01E208C062E00ACF0F0 /* Project object */;
}
